
Microsoft Visual Studio Solution File, Format Version 12.00
# Visual Studio Version 17
VisualStudioVersion = 17.3.32825.248
MinimumVisualStudioVersion = 10.0.40219.1
Project("{FAE04EC0-301F-11D3-BF4B-00C04F79EFBC}") = "TheCircle", "TheCircle\TheCircle.csproj", "{F723C5EE-6234-41AD-A59E-B824A9799B0A}"
EndProject
Global
	GlobalSection(SolutionConfigurationPlatforms) = preSolution
		Debug|Any CPU = Debug|Any CPU
		Release|Any CPU = Release|Any CPU
	EndGlobalSection
	GlobalSection(ProjectConfigurationPlatforms) = postSolution
		{F723C5EE-6234-41AD-A59E-B824A9799B0A}.Debug|Any CPU.ActiveCfg = Debug|Any CPU
		{F723C5EE-6234-41AD-A59E-B824A9799B0A}.Debug|Any CPU.Build.0 = Debug|Any CPU
		{F723C5EE-6234-41AD-A59E-B824A9799B0A}.Release|Any CPU.ActiveCfg = Release|Any CPU
		{F723C5EE-6234-41AD-A59E-B824A9799B0A}.Release|Any CPU.Build.0 = Release|Any CPU
	EndGlobalSection
	GlobalSection(SolutionProperties) = preSolution
		HideSolutionNode = FALSE
	EndGlobalSection
	GlobalSection(ExtensibilityGlobals) = postSolution
		SolutionGuid = {2E4D4947-52B7-441C-A97C-986278EDFF29}
	EndGlobalSection
EndGlobal
